PODS:
  - Alamofire (4.2.0)
  - Charts (3.0.1):
    - Charts/Core (= 3.0.1)
  - Charts/Core (3.0.1)
  - KeychainAccess (3.0.1)
  - Material (2.4.10):
    - Material/Core (= 2.4.10)
  - Material/Core (2.4.10)
  - Spring (1.0.3)
  - SwiftDate (4.0.11)
  - SwiftyJSON (3.0.0)

DEPENDENCIES:
  - Alamofire (~> 4.0)
  - Charts (~> 3.0.1)
  - KeychainAccess (~> 3.0)
  - Material (~> 2.1)
  - Spring (from `https://github.com/MengTo/Spring.git`, branch `swift3`)
  - SwiftDate (~> 4.0)
  - SwiftyJSON (= 3.0.0)

EXTERNAL SOURCES:
  Spring:
    :branch: swift3
    :git: https://github.com/MengTo/Spring.git

CHECKOUT OPTIONS:
  Spring:
    :commit: 3a9227c6e9157e7b47f5ac1ee5abab2a56b50002
    :git: https://github.com/MengTo/Spring.git

SPEC CHECKSUMS:
  Alamofire: aa2e09d871c9160ac53c90e83c68064a94e3dfbe
  Charts: 0e84f4418e87dad6a9edde221fba37ebb51d3ba7
  KeychainAccess: 017ea25e313a49eda10bb19b0bb0760fb1edfe1a
  Material: ef1e6da2e242d582205c87847a5346138894a633
  Spring: 3f02b5dc3308572ef177b3cad0fa7bbc4b0706f7
  SwiftDate: a36d5ce7c86bed3ed92b583ccbf15045f374ac65
  SwiftyJSON: f57b2b44bc166617372d1c70773591fe9f0f5fd4

PODFILE CHECKSUM: 8fb02946486503261a5ee56a9c64ca891b778b3f

COCOAPODS: 1.1.1
