// !$*UTF8*$!
{
	archiveVersion = 1;
	classes = {
	};
	objectVersion = 46;
	objects = {

/* Begin PBXBuildFile section */
		479870D18DCE022AC475355C /* Pods_Step_Champ.framework in Frameworks */ = {isa = PBXBuildFile; fileRef = 4DFAFC99407E46453D312580 /* Pods_Step_Champ.framework */; };
		A60352DF1D348B4400D29909 /* Utilities.swift in Sources */ = {isa = PBXBuildFile; fileRef = A60352DE1D348B4400D29909 /* Utilities.swift */; };
		A60352E11D34904100D29909 /* LeaderboardViewController.swift in Sources */ = {isa = PBXBuildFile; fileRef = A60352E01D34904100D29909 /* LeaderboardViewController.swift */; };
		A60352E41D34918C00D29909 /* LeaderboardCells.swift in Sources */ = {isa = PBXBuildFile; fileRef = A60352E31D34918C00D29909 /* LeaderboardCells.swift */; };
		A61C36DC1D39EB76006CA3E0 /* SignupViewController.swift in Sources */ = {isa = PBXBuildFile; fileRef = A61C36DB1D39EB76006CA3E0 /* SignupViewController.swift */; };
		A61C36DE1D39EFD7006CA3E0 /* NewUser.swift in Sources */ = {isa = PBXBuildFile; fileRef = A61C36DD1D39EFD7006CA3E0 /* NewUser.swift */; };
		A65399811D4453ED00A5FF43 /* SearchResultCell.swft.swift in Sources */ = {isa = PBXBuildFile; fileRef = A65399801D4453ED00A5FF43 /* SearchResultCell.swft.swift */; };
		A65D1D451D3A629A00921883 /* sclogoWhite.png in Resources */ = {isa = PBXBuildFile; fileRef = A65D1D441D3A629A00921883 /* sclogoWhite.png */; };
		A6645BB51D31DB8B0098F308 /* Media.xcassets in Resources */ = {isa = PBXBuildFile; fileRef = A6645BB41D31DB8B0098F308 /* Media.xcassets */; };
		A66CD9881D284DE400D1EB92 /* footlogo.png in Resources */ = {isa = PBXBuildFile; fileRef = A66CD9871D284DE400D1EB92 /* footlogo.png */; };
		A67C1F041D5F8DD8004ACB15 /* HealthKit.framework in Frameworks */ = {isa = PBXBuildFile; fileRef = A67C1F031D5F8DD8004ACB15 /* HealthKit.framework */; };
		A68A90301D3BEED600748014 /* ErrorPopupViewController.swift in Sources */ = {isa = PBXBuildFile; fileRef = A68A902F1D3BEED600748014 /* ErrorPopupViewController.swift */; };
		A6A0ADBE1D5F92E100C75E93 /* HealthkitManager.swift in Sources */ = {isa = PBXBuildFile; fileRef = A6A0ADBD1D5F92E100C75E93 /* HealthkitManager.swift */; };
		A6B8E22C1D2B4B0800D9A3AF /* sclogo.png in Resources */ = {isa = PBXBuildFile; fileRef = A6B8E22A1D2B4B0800D9A3AF /* sclogo.png */; };
		A6B8E22E1D2B4C1C00D9A3AF /* DashboardViewController.swift in Sources */ = {isa = PBXBuildFile; fileRef = A6B8E22D1D2B4C1C00D9A3AF /* DashboardViewController.swift */; };
		A6DD546A1D44094F004AF999 /* SearchViewController.swift in Sources */ = {isa = PBXBuildFile; fileRef = A6DD54691D44094F004AF999 /* SearchViewController.swift */; };
		A6E25DC81D389940008391C8 /* Overpass-Bold-Italic.ttf in Resources */ = {isa = PBXBuildFile; fileRef = A6E25DC01D389940008391C8 /* Overpass-Bold-Italic.ttf */; };
		A6E25DC91D389940008391C8 /* Overpass-Bold.ttf in Resources */ = {isa = PBXBuildFile; fileRef = A6E25DC11D389940008391C8 /* Overpass-Bold.ttf */; };
		A6E25DCA1D389940008391C8 /* Overpass-ExtraLight Italic.ttf in Resources */ = {isa = PBXBuildFile; fileRef = A6E25DC21D389940008391C8 /* Overpass-ExtraLight Italic.ttf */; };
		A6E25DCB1D389940008391C8 /* Overpass-ExtraLight.ttf in Resources */ = {isa = PBXBuildFile; fileRef = A6E25DC31D389940008391C8 /* Overpass-ExtraLight.ttf */; };
		A6E25DCC1D389940008391C8 /* Overpass-Light-Italic.ttf in Resources */ = {isa = PBXBuildFile; fileRef = A6E25DC41D389940008391C8 /* Overpass-Light-Italic.ttf */; };
		A6E25DCD1D389940008391C8 /* Overpass-Light.ttf in Resources */ = {isa = PBXBuildFile; fileRef = A6E25DC51D389940008391C8 /* Overpass-Light.ttf */; };
		A6E25DCE1D389940008391C8 /* Overpass-Regular-Italic.ttf in Resources */ = {isa = PBXBuildFile; fileRef = A6E25DC61D389940008391C8 /* Overpass-Regular-Italic.ttf */; };
		A6E25DCF1D389940008391C8 /* Overpass-Regular.ttf in Resources */ = {isa = PBXBuildFile; fileRef = A6E25DC71D389940008391C8 /* Overpass-Regular.ttf */; };
		A6E6D2AC1D2801980041DB27 /* AppDelegate.swift in Sources */ = {isa = PBXBuildFile; fileRef = A6E6D2AB1D2801980041DB27 /* AppDelegate.swift */; };
		A6E6D2AE1D2801980041DB27 /* LoginViewController.swift in Sources */ = {isa = PBXBuildFile; fileRef = A6E6D2AD1D2801980041DB27 /* LoginViewController.swift */; };
		A6E6D2B11D2801980041DB27 /* Main.storyboard in Resources */ = {isa = PBXBuildFile; fileRef = A6E6D2AF1D2801980041DB27 /* Main.storyboard */; };
		A6E6D2B61D2801980041DB27 /* LaunchScreen.storyboard in Resources */ = {isa = PBXBuildFile; fileRef = A6E6D2B41D2801980041DB27 /* LaunchScreen.storyboard */; };
		A6EE55BA1D2DEDDA00E7CEE1 /* Endpoints.swift in Sources */ = {isa = PBXBuildFile; fileRef = A6EE55B91D2DEDDA00E7CEE1 /* Endpoints.swift */; };
		A6EE55BE1D2E044B00E7CEE1 /* SharingManager.swift in Sources */ = {isa = PBXBuildFile; fileRef = A6EE55BD1D2E044B00E7CEE1 /* SharingManager.swift */; };
/* End PBXBuildFile section */

/* Begin PBXFileReference section */
		4DFAFC99407E46453D312580 /* Pods_Step_Champ.framework */ = {isa = PBXFileReference; explicitFileType = wrapper.framework; includeInIndex = 0; path = Pods_Step_Champ.framework; sourceTree = BUILT_PRODUCTS_DIR; };
		962D1E6E70526C758BB45C8B /* Pods-Step Champ.debug.xcconfig */ = {isa = PBXFileReference; includeInIndex = 1; lastKnownFileType = text.xcconfig; name = "Pods-Step Champ.debug.xcconfig"; path = "Pods/Target Support Files/Pods-Step Champ/Pods-Step Champ.debug.xcconfig"; sourceTree = "<group>"; };
		9909A9E9B8BE70C78109D28F /* Pods-Step Champ.release.xcconfig */ = {isa = PBXFileReference; includeInIndex = 1; lastKnownFileType = text.xcconfig; name = "Pods-Step Champ.release.xcconfig"; path = "Pods/Target Support Files/Pods-Step Champ/Pods-Step Champ.release.xcconfig"; sourceTree = "<group>"; };
		A60352DE1D348B4400D29909 /* Utilities.swift */ = {isa = PBXFileReference; fileEncoding = 4; lastKnownFileType = sourcecode.swift; path = Utilities.swift; sourceTree = "<group>"; };
		A60352E01D34904100D29909 /* LeaderboardViewController.swift */ = {isa = PBXFileReference; fileEncoding = 4; lastKnownFileType = sourcecode.swift; path = LeaderboardViewController.swift; sourceTree = "<group>"; };
		A60352E31D34918C00D29909 /* LeaderboardCells.swift */ = {isa = PBXFileReference; fileEncoding = 4; lastKnownFileType = sourcecode.swift; path = LeaderboardCells.swift; sourceTree = "<group>"; };
		A61C36DB1D39EB76006CA3E0 /* SignupViewController.swift */ = {isa = PBXFileReference; fileEncoding = 4; lastKnownFileType = sourcecode.swift; path = SignupViewController.swift; sourceTree = "<group>"; };
		A61C36DD1D39EFD7006CA3E0 /* NewUser.swift */ = {isa = PBXFileReference; fileEncoding = 4; lastKnownFileType = sourcecode.swift; path = NewUser.swift; sourceTree = "<group>"; };
		A65399801D4453ED00A5FF43 /* SearchResultCell.swft.swift */ = {isa = PBXFileReference; fileEncoding = 4; lastKnownFileType = sourcecode.swift; path = SearchResultCell.swft.swift; sourceTree = "<group>"; };
		A65D1D441D3A629A00921883 /* sclogoWhite.png */ = {isa = PBXFileReference; lastKnownFileType = image.png; path = sclogoWhite.png; sourceTree = "<group>"; };
		A6645BB41D31DB8B0098F308 /* Media.xcassets */ = {isa = PBXFileReference; lastKnownFileType = folder.assetcatalog; name = Media.xcassets; path = "Step Champ/Media.xcassets"; sourceTree = "<group>"; };
		A66CD9871D284DE400D1EB92 /* footlogo.png */ = {isa = PBXFileReference; lastKnownFileType = image.png; name = footlogo.png; path = ../Website/footlogo.png; sourceTree = "<group>"; };
		A67C1F021D5F8DD7004ACB15 /* Step Champ.entitlements */ = {isa = PBXFileReference; lastKnownFileType = text.xml; path = "Step Champ.entitlements"; sourceTree = "<group>"; };
		A67C1F031D5F8DD8004ACB15 /* HealthKit.framework */ = {isa = PBXFileReference; lastKnownFileType = wrapper.framework; name = HealthKit.framework; path = System/Library/Frameworks/HealthKit.framework; sourceTree = SDKROOT; };
		A68A902F1D3BEED600748014 /* ErrorPopupViewController.swift */ = {isa = PBXFileReference; fileEncoding = 4; lastKnownFileType = sourcecode.swift; path = ErrorPopupViewController.swift; sourceTree = "<group>"; };
		A6A0ADBD1D5F92E100C75E93 /* HealthkitManager.swift */ = {isa = PBXFileReference; fileEncoding = 4; lastKnownFileType = sourcecode.swift; path = HealthkitManager.swift; sourceTree = "<group>"; };
		A6B8E22A1D2B4B0800D9A3AF /* sclogo.png */ = {isa = PBXFileReference; lastKnownFileType = image.png; path = sclogo.png; sourceTree = "<group>"; };
		A6B8E22D1D2B4C1C00D9A3AF /* DashboardViewController.swift */ = {isa = PBXFileReference; fileEncoding = 4; lastKnownFileType = sourcecode.swift; path = DashboardViewController.swift; sourceTree = "<group>"; };
		A6DD54691D44094F004AF999 /* SearchViewController.swift */ = {isa = PBXFileReference; fileEncoding = 4; lastKnownFileType = sourcecode.swift; path = SearchViewController.swift; sourceTree = "<group>"; };
		A6E25DC01D389940008391C8 /* Overpass-Bold-Italic.ttf */ = {isa = PBXFileReference; lastKnownFileType = file; name = "Overpass-Bold-Italic.ttf"; path = "Website/Step Champ/assets/fonts/overpass/Overpass-Bold-Italic.ttf"; sourceTree = "<group>"; };
		A6E25DC11D389940008391C8 /* Overpass-Bold.ttf */ = {isa = PBXFileReference; lastKnownFileType = file; name = "Overpass-Bold.ttf"; path = "Website/Step Champ/assets/fonts/overpass/Overpass-Bold.ttf"; sourceTree = "<group>"; };
		A6E25DC21D389940008391C8 /* Overpass-ExtraLight Italic.ttf */ = {isa = PBXFileReference; lastKnownFileType = file; name = "Overpass-ExtraLight Italic.ttf"; path = "Website/Step Champ/assets/fonts/overpass/Overpass-ExtraLight Italic.ttf"; sourceTree = "<group>"; };
		A6E25DC31D389940008391C8 /* Overpass-ExtraLight.ttf */ = {isa = PBXFileReference; lastKnownFileType = file; name = "Overpass-ExtraLight.ttf"; path = "Website/Step Champ/assets/fonts/overpass/Overpass-ExtraLight.ttf"; sourceTree = "<group>"; };
		A6E25DC41D389940008391C8 /* Overpass-Light-Italic.ttf */ = {isa = PBXFileReference; lastKnownFileType = file; name = "Overpass-Light-Italic.ttf"; path = "Website/Step Champ/assets/fonts/overpass/Overpass-Light-Italic.ttf"; sourceTree = "<group>"; };
		A6E25DC51D389940008391C8 /* Overpass-Light.ttf */ = {isa = PBXFileReference; lastKnownFileType = file; name = "Overpass-Light.ttf"; path = "Website/Step Champ/assets/fonts/overpass/Overpass-Light.ttf"; sourceTree = "<group>"; };
		A6E25DC61D389940008391C8 /* Overpass-Regular-Italic.ttf */ = {isa = PBXFileReference; lastKnownFileType = file; name = "Overpass-Regular-Italic.ttf"; path = "Website/Step Champ/assets/fonts/overpass/Overpass-Regular-Italic.ttf"; sourceTree = "<group>"; };
		A6E25DC71D389940008391C8 /* Overpass-Regular.ttf */ = {isa = PBXFileReference; lastKnownFileType = file; name = "Overpass-Regular.ttf"; path = "Website/Step Champ/assets/fonts/overpass/Overpass-Regular.ttf"; sourceTree = "<group>"; };
		A6E6D2A81D2801980041DB27 /* Step Champ.app */ = {isa = PBXFileReference; explicitFileType = wrapper.application; includeInIndex = 0; path = "Step Champ.app"; sourceTree = BUILT_PRODUCTS_DIR; };
		A6E6D2AB1D2801980041DB27 /* AppDelegate.swift */ = {isa = PBXFileReference; lastKnownFileType = sourcecode.swift; path = AppDelegate.swift; sourceTree = "<group>"; };
		A6E6D2AD1D2801980041DB27 /* LoginViewController.swift */ = {isa = PBXFileReference; lastKnownFileType = sourcecode.swift; path = LoginViewController.swift; sourceTree = "<group>"; };
		A6E6D2B01D2801980041DB27 /* Base */ = {isa = PBXFileReference; lastKnownFileType = file.storyboard; name = Base; path = Base.lproj/Main.storyboard; sourceTree = "<group>"; };
		A6E6D2B51D2801980041DB27 /* Base */ = {isa = PBXFileReference; lastKnownFileType = file.storyboard; name = Base; path = Base.lproj/LaunchScreen.storyboard; sourceTree = "<group>"; };
		A6E6D2B71D2801980041DB27 /* Info.plist */ = {isa = PBXFileReference; lastKnownFileType = text.plist.xml; path = Info.plist; sourceTree = "<group>"; };
		A6EE55B91D2DEDDA00E7CEE1 /* Endpoints.swift */ = {isa = PBXFileReference; fileEncoding = 4; lastKnownFileType = sourcecode.swift; path = Endpoints.swift; sourceTree = "<group>"; };
		A6EE55BD1D2E044B00E7CEE1 /* SharingManager.swift */ = {isa = PBXFileReference; fileEncoding = 4; lastKnownFileType = sourcecode.swift; path = SharingManager.swift; sourceTree = "<group>"; };
/* End PBXFileReference section */

/* Begin PBXFrameworksBuildPhase section */
		A6E6D2A51D2801980041DB27 /* Frameworks */ = {
			isa = PBXFrameworksBuildPhase;
			buildActionMask = 2147483647;
			files = (
				479870D18DCE022AC475355C /* Pods_Step_Champ.framework in Frameworks */,
				A67C1F041D5F8DD8004ACB15 /* HealthKit.framework in Frameworks */,
			);
			runOnlyForDeploymentPostprocessing = 0;
		};
/* End PBXFrameworksBuildPhase section */

/* Begin PBXGroup section */
		A60352E21D34916900D29909 /* Table Cells */ = {
			isa = PBXGroup;
			children = (
				A60352E31D34918C00D29909 /* LeaderboardCells.swift */,
				A65399801D4453ED00A5FF43 /* SearchResultCell.swft.swift */,
			);
			name = "Table Cells";
			sourceTree = "<group>";
		};
		A6E25DD11D38A50B008391C8 /* Overpass */ = {
			isa = PBXGroup;
			children = (
				A6E25DC01D389940008391C8 /* Overpass-Bold-Italic.ttf */,
				A6E25DC11D389940008391C8 /* Overpass-Bold.ttf */,
				A6E25DC21D389940008391C8 /* Overpass-ExtraLight Italic.ttf */,
				A6E25DC31D389940008391C8 /* Overpass-ExtraLight.ttf */,
				A6E25DC41D389940008391C8 /* Overpass-Light-Italic.ttf */,
				A6E25DC51D389940008391C8 /* Overpass-Light.ttf */,
				A6E25DC61D389940008391C8 /* Overpass-Regular-Italic.ttf */,
				A6E25DC71D389940008391C8 /* Overpass-Regular.ttf */,
			);
			name = Overpass;
			sourceTree = "<group>";
		};
		A6E6D29F1D2801980041DB27 = {
			isa = PBXGroup;
			children = (
				A6E25DD11D38A50B008391C8 /* Overpass */,
				A6645BB41D31DB8B0098F308 /* Media.xcassets */,
				A6E6D2AA1D2801980041DB27 /* Step Champ */,
				A6E6D2A91D2801980041DB27 /* Products */,
				CEF47F64092384FAE2495992 /* Pods */,
				AE51516163B1F0B9D5F7F04A /* Frameworks */,
			);
			sourceTree = "<group>";
		};
		A6E6D2A91D2801980041DB27 /* Products */ = {
			isa = PBXGroup;
			children = (
				A6E6D2A81D2801980041DB27 /* Step Champ.app */,
			);
			name = Products;
			sourceTree = "<group>";
		};
		A6E6D2AA1D2801980041DB27 /* Step Champ */ = {
			isa = PBXGroup;
			children = (
				A67C1F021D5F8DD7004ACB15 /* Step Champ.entitlements */,
				A60352E21D34916900D29909 /* Table Cells */,
				A6B8E22A1D2B4B0800D9A3AF /* sclogo.png */,
				A65D1D441D3A629A00921883 /* sclogoWhite.png */,
				A6E6D2AB1D2801980041DB27 /* AppDelegate.swift */,
				A6E6D2AD1D2801980041DB27 /* LoginViewController.swift */,
				A6EE55B91D2DEDDA00E7CEE1 /* Endpoints.swift */,
				A6EE55BD1D2E044B00E7CEE1 /* SharingManager.swift */,
				A6A0ADBD1D5F92E100C75E93 /* HealthkitManager.swift */,
				A60352E01D34904100D29909 /* LeaderboardViewController.swift */,
				A61C36DB1D39EB76006CA3E0 /* SignupViewController.swift */,
				A66CD9871D284DE400D1EB92 /* footlogo.png */,
				A6E6D2B71D2801980041DB27 /* Info.plist */,
				A6DD54691D44094F004AF999 /* SearchViewController.swift */,
				A60352DE1D348B4400D29909 /* Utilities.swift */,
				A61C36DD1D39EFD7006CA3E0 /* NewUser.swift */,
				A68A902F1D3BEED600748014 /* ErrorPopupViewController.swift */,
				A6B8E22D1D2B4C1C00D9A3AF /* DashboardViewController.swift */,
				A6E6D2B41D2801980041DB27 /* LaunchScreen.storyboard */,
				A6E6D2AF1D2801980041DB27 /* Main.storyboard */,
			);
			path = "Step Champ";
			sourceTree = "<group>";
		};
		AE51516163B1F0B9D5F7F04A /* Frameworks */ = {
			isa = PBXGroup;
			children = (
				A67C1F031D5F8DD8004ACB15 /* HealthKit.framework */,
				4DFAFC99407E46453D312580 /* Pods_Step_Champ.framework */,
			);
			name = Frameworks;
			sourceTree = "<group>";
		};
		CEF47F64092384FAE2495992 /* Pods */ = {
			isa = PBXGroup;
			children = (
				962D1E6E70526C758BB45C8B /* Pods-Step Champ.debug.xcconfig */,
				9909A9E9B8BE70C78109D28F /* Pods-Step Champ.release.xcconfig */,
			);
			name = Pods;
			sourceTree = "<group>";
		};
/* End PBXGroup section */

/* Begin PBXNativeTarget section */
		A6E6D2A71D2801980041DB27 /* Step Champ */ = {
			isa = PBXNativeTarget;
			buildConfigurationList = A6E6D2BA1D2801980041DB27 /* Build configuration list for PBXNativeTarget "Step Champ" */;
			buildPhases = (
				96DD04F9DE5FF3A42EDB2636 /* [CP] Check Pods Manifest.lock */,
				A6E6D2A41D2801980041DB27 /* Sources */,
				A6E6D2A51D2801980041DB27 /* Frameworks */,
				A6E6D2A61D2801980041DB27 /* Resources */,
				A3D25A445708B08F6B8E999D /* [CP] Embed Pods Frameworks */,
				CB0A323AB72485E2977B59CD /* [CP] Copy Pods Resources */,
			);
			buildRules = (
			);
			dependencies = (
			);
			name = "Step Champ";
			productName = "Step Champ";
			productReference = A6E6D2A81D2801980041DB27 /* Step Champ.app */;
			productType = "com.apple.product-type.application";
		};
/* End PBXNativeTarget section */

/* Begin PBXProject section */
		A6E6D2A01D2801980041DB27 /* Project object */ = {
			isa = PBXProject;
			attributes = {
				LastSwiftUpdateCheck = 0730;
				LastUpgradeCheck = 0800;
				ORGANIZATIONNAME = "Darien Sandifer";
				TargetAttributes = {
					A6E6D2A71D2801980041DB27 = {
						CreatedOnToolsVersion = 7.3.1;
						DevelopmentTeam = 229B6HXMD4;
						SystemCapabilities = {
							com.apple.HealthKit = {
								enabled = 1;
							};
						};
					};
				};
			};
			buildConfigurationList = A6E6D2A31D2801980041DB27 /* Build configuration list for PBXProject "Step Champ" */;
			compatibilityVersion = "Xcode 3.2";
			developmentRegion = English;
			hasScannedForEncodings = 0;
			knownRegions = (
				en,
				Base,
			);
			mainGroup = A6E6D29F1D2801980041DB27;
			productRefGroup = A6E6D2A91D2801980041DB27 /* Products */;
			projectDirPath = "";
			projectRoot = "";
			targets = (
				A6E6D2A71D2801980041DB27 /* Step Champ */,
			);
		};
/* End PBXProject section */

/* Begin PBXResourcesBuildPhase section */
		A6E6D2A61D2801980041DB27 /* Resources */ = {
			isa = PBXResourcesBuildPhase;
			buildActionMask = 2147483647;
			files = (
				A6E25DC81D389940008391C8 /* Overpass-Bold-Italic.ttf in Resources */,
				A6E25DC91D389940008391C8 /* Overpass-Bold.ttf in Resources */,
				A6E25DCA1D389940008391C8 /* Overpass-ExtraLight Italic.ttf in Resources */,
				A6E25DCB1D389940008391C8 /* Overpass-ExtraLight.ttf in Resources */,
				A6E25DCC1D389940008391C8 /* Overpass-Light-Italic.ttf in Resources */,
				A6E25DCD1D389940008391C8 /* Overpass-Light.ttf in Resources */,
				A6E25DCE1D389940008391C8 /* Overpass-Regular-Italic.ttf in Resources */,
				A6E25DCF1D389940008391C8 /* Overpass-Regular.ttf in Resources */,
				A6B8E22C1D2B4B0800D9A3AF /* sclogo.png in Resources */,
				A66CD9881D284DE400D1EB92 /* footlogo.png in Resources */,
				A65D1D451D3A629A00921883 /* sclogoWhite.png in Resources */,
				A6E6D2B61D2801980041DB27 /* LaunchScreen.storyboard in Resources */,
				A6645BB51D31DB8B0098F308 /* Media.xcassets in Resources */,
				A6E6D2B11D2801980041DB27 /* Main.storyboard in Resources */,
			);
			runOnlyForDeploymentPostprocessing = 0;
		};
/* End PBXResourcesBuildPhase section */

/* Begin PBXShellScriptBuildPhase section */
		96DD04F9DE5FF3A42EDB2636 /* [CP] Check Pods Manifest.lock */ = {
			isa = PBXShellScriptBuildPhase;
			buildActionMask = 2147483647;
			files = (
			);
			inputPaths = (
			);
			name = "[CP] Check Pods Manifest.lock";
			outputPaths = (
			);
			runOnlyForDeploymentPostprocessing = 0;
			shellPath = /bin/sh;
			shellScript = "diff \"${PODS_ROOT}/../Podfile.lock\" \"${PODS_ROOT}/Manifest.lock\" > /dev/null\nif [ $? != 0 ] ; then\n    # print error to STDERR\n    echo \"error: The sandbox is not in sync with the Podfile.lock. Run 'pod install' or update your CocoaPods installation.\" >&2\n    exit 1\nfi\n";
			showEnvVarsInLog = 0;
		};
		A3D25A445708B08F6B8E999D /* [CP] Embed Pods Frameworks */ = {
			isa = PBXShellScriptBuildPhase;
			buildActionMask = 2147483647;
			files = (
			);
			inputPaths = (
			);
			name = "[CP] Embed Pods Frameworks";
			outputPaths = (
			);
			runOnlyForDeploymentPostprocessing = 0;
			shellPath = /bin/sh;
			shellScript = "\"${SRCROOT}/Pods/Target Support Files/Pods-Step Champ/Pods-Step Champ-frameworks.sh\"\n";
			showEnvVarsInLog = 0;
		};
		CB0A323AB72485E2977B59CD /* [CP] Copy Pods Resources */ = {
			isa = PBXShellScriptBuildPhase;
			buildActionMask = 2147483647;
			files = (
			);
			inputPaths = (
			);
			name = "[CP] Copy Pods Resources";
			outputPaths = (
			);
			runOnlyForDeploymentPostprocessing = 0;
			shellPath = /bin/sh;
			shellScript = "\"${SRCROOT}/Pods/Target Support Files/Pods-Step Champ/Pods-Step Champ-resources.sh\"\n";
			showEnvVarsInLog = 0;
		};
/* End PBXShellScriptBuildPhase section */

/* Begin PBXSourcesBuildPhase section */
		A6E6D2A41D2801980041DB27 /* Sources */ = {
			isa = PBXSourcesBuildPhase;
			buildActionMask = 2147483647;
			files = (
				A6A0ADBE1D5F92E100C75E93 /* HealthkitManager.swift in Sources */,
				A61C36DC1D39EB76006CA3E0 /* SignupViewController.swift in Sources */,
				A60352E11D34904100D29909 /* LeaderboardViewController.swift in Sources */,
				A60352E41D34918C00D29909 /* LeaderboardCells.swift in Sources */,
				A60352DF1D348B4400D29909 /* Utilities.swift in Sources */,
				A6E6D2AE1D2801980041DB27 /* LoginViewController.swift in Sources */,
				A6B8E22E1D2B4C1C00D9A3AF /* DashboardViewController.swift in Sources */,
				A6DD546A1D44094F004AF999 /* SearchViewController.swift in Sources */,
				A6EE55BA1D2DEDDA00E7CEE1 /* Endpoints.swift in Sources */,
				A65399811D4453ED00A5FF43 /* SearchResultCell.swft.swift in Sources */,
				A6EE55BE1D2E044B00E7CEE1 /* SharingManager.swift in Sources */,
				A61C36DE1D39EFD7006CA3E0 /* NewUser.swift in Sources */,
				A68A90301D3BEED600748014 /* ErrorPopupViewController.swift in Sources */,
				A6E6D2AC1D2801980041DB27 /* AppDelegate.swift in Sources */,
			);
			runOnlyForDeploymentPostprocessing = 0;
		};
/* End PBXSourcesBuildPhase section */

/* Begin PBXVariantGroup section */
		A6E6D2AF1D2801980041DB27 /* Main.storyboard */ = {
			isa = PBXVariantGroup;
			children = (
				A6E6D2B01D2801980041DB27 /* Base */,
			);
			name = Main.storyboard;
			sourceTree = "<group>";
		};
		A6E6D2B41D2801980041DB27 /* LaunchScreen.storyboard */ = {
			isa = PBXVariantGroup;
			children = (
				A6E6D2B51D2801980041DB27 /* Base */,
			);
			name = LaunchScreen.storyboard;
			sourceTree = "<group>";
		};
/* End PBXVariantGroup section */

/* Begin XCBuildConfiguration section */
		A6E6D2B81D2801980041DB27 /* Debug */ = {
			isa = XCBuildConfiguration;
			buildSettings = {
				ALWAYS_SEARCH_USER_PATHS = NO;
				CLANG_ANALYZER_NONNULL = YES;
				CLANG_CXX_LANGUAGE_STANDARD = "gnu++0x";
				CLANG_CXX_LIBRARY = "libc++";
				CLANG_ENABLE_MODULES = YES;
				CLANG_ENABLE_OBJC_ARC = YES;
				CLANG_WARN_BOOL_CONVERSION = YES;
				CLANG_WARN_CONSTANT_CONVERSION = YES;
				CLANG_WARN_DIRECT_OBJC_ISA_USAGE = YES_ERROR;
				CLANG_WARN_EMPTY_BODY = YES;
				CLANG_WARN_ENUM_CONVERSION = YES;
				CLANG_WARN_INFINITE_RECURSION = YES;
				CLANG_WARN_INT_CONVERSION = YES;
				CLANG_WARN_OBJC_ROOT_CLASS = YES_ERROR;
				CLANG_WARN_SUSPICIOUS_MOVE = YES;
				CLANG_WARN_UNREACHABLE_CODE = YES;
				CLANG_WARN__DUPLICATE_METHOD_MATCH = YES;
				"CODE_SIGN_IDENTITY[sdk=iphoneos*]" = "iPhone Developer";
				COPY_PHASE_STRIP = NO;
				DEBUG_INFORMATION_FORMAT = dwarf;
				ENABLE_STRICT_OBJC_MSGSEND = YES;
				ENABLE_TESTABILITY = YES;
				GCC_C_LANGUAGE_STANDARD = gnu99;
				GCC_DYNAMIC_NO_PIC = NO;
				GCC_NO_COMMON_BLOCKS = YES;
				GCC_OPTIMIZATION_LEVEL = 0;
				GCC_PREPROCESSOR_DEFINITIONS = (
					"DEBUG=1",
					"$(inherited)",
				);
				GCC_WARN_64_TO_32_BIT_CONVERSION = YES;
				GCC_WARN_ABOUT_RETURN_TYPE = YES_ERROR;
				GCC_WARN_UNDECLARED_SELECTOR = YES;
				GCC_WARN_UNINITIALIZED_AUTOS = YES_AGGRESSIVE;
				GCC_WARN_UNUSED_FUNCTION = YES;
				GCC_WARN_UNUSED_VARIABLE = YES;
				IPHONEOS_DEPLOYMENT_TARGET = 9.3;
				MTL_ENABLE_DEBUG_INFO = YES;
				ONLY_ACTIVE_ARCH = YES;
				SDKROOT = iphoneos;
				SWIFT_OPTIMIZATION_LEVEL = "-Onone";
				SWIFT_VERSION = 3.0;
			};
			name = Debug;
		};
		A6E6D2B91D2801980041DB27 /* Release */ = {
			isa = XCBuildConfiguration;
			buildSettings = {
				ALWAYS_SEARCH_USER_PATHS = NO;
				CLANG_ANALYZER_NONNULL = YES;
				CLANG_CXX_LANGUAGE_STANDARD = "gnu++0x";
				CLANG_CXX_LIBRARY = "libc++";
				CLANG_ENABLE_MODULES = YES;
				CLANG_ENABLE_OBJC_ARC = YES;
				CLANG_WARN_BOOL_CONVERSION = YES;
				CLANG_WARN_CONSTANT_CONVERSION = YES;
				CLANG_WARN_DIRECT_OBJC_ISA_USAGE = YES_ERROR;
				CLANG_WARN_EMPTY_BODY = YES;
				CLANG_WARN_ENUM_CONVERSION = YES;
				CLANG_WARN_INFINITE_RECURSION = YES;
				CLANG_WARN_INT_CONVERSION = YES;
				CLANG_WARN_OBJC_ROOT_CLASS = YES_ERROR;
				CLANG_WARN_SUSPICIOUS_MOVE = YES;
				CLANG_WARN_UNREACHABLE_CODE = YES;
				CLANG_WARN__DUPLICATE_METHOD_MATCH = YES;
				"CODE_SIGN_IDENTITY[sdk=iphoneos*]" = "iPhone Developer";
				COPY_PHASE_STRIP = NO;
				DEBUG_INFORMATION_FORMAT = "dwarf-with-dsym";
				ENABLE_NS_ASSERTIONS = NO;
				ENABLE_STRICT_OBJC_MSGSEND = YES;
				GCC_C_LANGUAGE_STANDARD = gnu99;
				GCC_NO_COMMON_BLOCKS = YES;
				GCC_WARN_64_TO_32_BIT_CONVERSION = YES;
				GCC_WARN_ABOUT_RETURN_TYPE = YES_ERROR;
				GCC_WARN_UNDECLARED_SELECTOR = YES;
				GCC_WARN_UNINITIALIZED_AUTOS = YES_AGGRESSIVE;
				GCC_WARN_UNUSED_FUNCTION = YES;
				GCC_WARN_UNUSED_VARIABLE = YES;
				IPHONEOS_DEPLOYMENT_TARGET = 9.3;
				MTL_ENABLE_DEBUG_INFO = NO;
				SDKROOT = iphoneos;
				SWIFT_OPTIMIZATION_LEVEL = "-Owholemodule";
				SWIFT_VERSION = 3.0;
				VALIDATE_PRODUCT = YES;
			};
			name = Release;
		};
		A6E6D2BB1D2801980041DB27 /* Debug */ = {
			isa = XCBuildConfiguration;
			baseConfigurationReference = 962D1E6E70526C758BB45C8B /* Pods-Step Champ.debug.xcconfig */;
			buildSettings = {
				ALWAYS_EMBED_SWIFT_STANDARD_LIBRARIES = YES;
				ASSETCATALOG_COMPILER_APPICON_NAME = AppIcon;
				CODE_SIGN_ENTITLEMENTS = "Step Champ/Step Champ.entitlements";
				CODE_SIGN_IDENTITY = "iPhone Developer";
				"CODE_SIGN_IDENTITY[sdk=iphoneos*]" = "iPhone Developer";
				DEVELOPMENT_TEAM = 229B6HXMD4;
				INFOPLIST_FILE = "Step Champ/Info.plist";
				IPHONEOS_DEPLOYMENT_TARGET = 9.3;
				LD_RUNPATH_SEARCH_PATHS = "$(inherited) @executable_path/Frameworks";
				PRODUCT_BUNDLE_IDENTIFIER = "com.Step-Champ";
				PRODUCT_NAME = "$(TARGET_NAME)";
				PROVISIONING_PROFILE = "";
				SWIFT_VERSION = 3.0;
			};
			name = Debug;
		};
		A6E6D2BC1D2801980041DB27 /* Release */ = {
			isa = XCBuildConfiguration;
			baseConfigurationReference = 9909A9E9B8BE70C78109D28F /* Pods-Step Champ.release.xcconfig */;
			buildSettings = {
				ALWAYS_EMBED_SWIFT_STANDARD_LIBRARIES = YES;
				ASSETCATALOG_COMPILER_APPICON_NAME = AppIcon;
				CODE_SIGN_ENTITLEMENTS = "Step Champ/Step Champ.entitlements";
				CODE_SIGN_IDENTITY = "iPhone Developer";
				"CODE_SIGN_IDENTITY[sdk=iphoneos*]" = "iPhone Developer";
				DEVELOPMENT_TEAM = 229B6HXMD4;
				INFOPLIST_FILE = "Step Champ/Info.plist";
				IPHONEOS_DEPLOYMENT_TARGET = 9.3;
				LD_RUNPATH_SEARCH_PATHS = "$(inherited) @executable_path/Frameworks";
				PRODUCT_BUNDLE_IDENTIFIER = "com.Step-Champ";
				PRODUCT_NAME = "$(TARGET_NAME)";
				PROVISIONING_PROFILE = "";
				SWIFT_VERSION = 3.0;
			};
			name = Release;
		};
/* End XCBuildConfiguration section */

/* Begin XCConfigurationList section */
		A6E6D2A31D2801980041DB27 /* Build configuration list for PBXProject "Step Champ" */ = {
			isa = XCConfigurationList;
			buildConfigurations = (
				A6E6D2B81D2801980041DB27 /* Debug */,
				A6E6D2B91D2801980041DB27 /* Release */,
			);
			defaultConfigurationIsVisible = 0;
			defaultConfigurationName = Release;
		};
		A6E6D2BA1D2801980041DB27 /* Build configuration list for PBXNativeTarget "Step Champ" */ = {
			isa = XCConfigurationList;
			buildConfigurations = (
				A6E6D2BB1D2801980041DB27 /* Debug */,
				A6E6D2BC1D2801980041DB27 /* Release */,
			);
			defaultConfigurationIsVisible = 0;
			defaultConfigurationName = Release;
		};
/* End XCConfigurationList section */
	};
	rootObject = A6E6D2A01D2801980041DB27 /* Project object */;
}
